// !$*UTF8*$!
{
	archiveVersion = 1;
	classes = {
	};
	objectVersion = 77;
	objects = {

/* Begin PBXBuildFile section */
		89148FC32F9A894300D354DF /* TextifyrModels in Frameworks */ = {isa = PBXBuildFile; productRef = 89148FC22F9A894300D354DF /* TextifyrModels */; };
		89148FC52F9A894300D354DF /* TextifyrServices in Frameworks */ = {isa = PBXBuildFile; productRef = 89148FC42F9A894300D354DF /* TextifyrServices */; };
		89148FC72F9A894300D354DF /* TextifyrViewModels in Frameworks */ = {isa = PBXBuildFile; productRef = 89148FC62F9A894300D354DF /* TextifyrViewModels */; };
/* End PBXBuildFile section */

/* Begin PBXContainerItemProxy section */
		89FDFC1D2F99426000313F18 /* PBXContainerItemProxy */ = {
			isa = PBXContainerItemProxy;
			containerPortal = 89FDFC072F99425F00313F18 /* Project object */;
			proxyType = 1;
			remoteGlobalIDString = 89FDFC0E2F99425F00313F18;
			remoteInfo = Textifyr_iOS;
		};
		89FDFC272F99426000313F18 /* PBXContainerItemProxy */ = {
			isa = PBXContainerItemProxy;
			containerPortal = 89FDFC072F99425F00313F18 /* Project object */;
			proxyType = 1;
			remoteGlobalIDString = 89FDFC0E2F99425F00313F18;
			remoteInfo = Textifyr_iOS;
		};
/* End PBXContainerItemProxy section */

/* Begin PBXFileReference section */
89FDFC0F2F99425F00313F18 /* Textifyr_iOS.app */ = {isa = PBXFileReference; explicitFileType = wrapper.application; includeInIndex = 0; path = Textifyr_iOS.app; sourceTree = BUILT_PRODUCTS_DIR; };
		89FDFC1C2F99426000313F18 /* Textifyr_iOSTests.xctest */ = {isa = PBXFileReference; explicitFileType = wrapper.cfbundle; includeInIndex = 0; path = Textifyr_iOSTests.xctest; sourceTree = BUILT_PRODUCTS_DIR; };
		89FDFC262F99426000313F18 /* Textifyr_iOSUITests.xctest */ = {isa = PBXFileReference; explicitFileType = wrapper.cfbundle; includeInIndex = 0; path = Textifyr_iOSUITests.xctest; sourceTree = BUILT_PRODUCTS_DIR; };
/* End PBXFileReference section */

/* Begin PBXFileSystemSynchronizedRootGroup section */
		89FDFC112F99425F00313F18 /* Textifyr_iOS */ = {
			isa = PBXFileSystemSynchronizedRootGroup;
			path = Textifyr_iOS;
			sourceTree = "<group>";
		};
		89FDFC1F2F99426000313F18 /* Textifyr_iOSTests */ = {
			isa = PBXFileSystemSynchronizedRootGroup;
			path = Textifyr_iOSTests;
			sourceTree = "<group>";
		};
		89FDFC292F99426000313F18 /* Textifyr_iOSUITests */ = {
			isa = PBXFileSystemSynchronizedRootGroup;
			path = Textifyr_iOSUITests;
			sourceTree = "<group>";
		};
/* End PBXFileSystemSynchronizedRootGroup section */

/* Begin PBXFrameworksBuildPhase section */
		89FDFC0C2F99425F00313F18 /* Frameworks */ = {
			isa = PBXFrameworksBuildPhase;
			buildActionMask = 2147483647;
			files = (
				89148FC72F9A894300D354DF /* TextifyrViewModels in Frameworks */,
				89148FC32F9A894300D354DF /* TextifyrModels in Frameworks */,
				89148FC52F9A894300D354DF /* TextifyrServices in Frameworks */,
			);
			runOnlyForDeploymentPostprocessing = 0;
		};
		89FDFC192F99426000313F18 /* Frameworks */ = {
			isa = PBXFrameworksBuildPhase;
			buildActionMask = 2147483647;
			files = (
			);
			runOnlyForDeploymentPostprocessing = 0;
		};
		89FDFC232F99426000313F18 /* Frameworks */ = {
			isa = PBXFrameworksBuildPhase;
			buildActionMask = 2147483647;
			files = (
			);
			runOnlyForDeploymentPostprocessing = 0;
		};
/* End PBXFrameworksBuildPhase section */

/* Begin PBXGroup section */
		89FDFC062F99425F00313F18 = {
			isa = PBXGroup;
			children = (
				89FDFC112F99425F00313F18 /* Textifyr_iOS */,
				89FDFC1F2F99426000313F18 /* Textifyr_iOSTests */,
				89FDFC292F99426000313F18 /* Textifyr_iOSUITests */,
				89FDFC102F99425F00313F18 /* Products */,
			);
			sourceTree = "<group>";
		};
		89FDFC102F99425F00313F18 /* Products */ = {
			isa = PBXGroup;
			children = (
				89FDFC0F2F99425F00313F18 /* Textifyr_iOS.app */,
				89FDFC1C2F99426000313F18 /* Textifyr_iOSTests.xctest */,
				89FDFC262F99426000313F18 /* Textifyr_iOSUITests.xctest */,
			);
			name = Products;
			sourceTree = "<group>";
		};
/* End PBXGroup section */

/* Begin PBXNativeTarget section */
		89FDFC0E2F99425F00313F18 /* Textifyr_iOS */ = {
			isa = PBXNativeTarget;
			buildConfigurationList = 89FDFC302F99426000313F18 /* Build configuration list for PBXNativeTarget "Textifyr_iOS" */;
			buildPhases = (
				89FDFC0B2F99425F00313F18 /* Sources */,
				89FDFC0C2F99425F00313F18 /* Frameworks */,
				89FDFC0D2F99425F00313F18 /* Resources */,
			);
			buildRules = (
			);
			dependencies = (
			);
			fileSystemSynchronizedGroups = (
				89FDFC112F99425F00313F18 /* Textifyr_iOS */,
			);
			name = Textifyr_iOS;
			packageProductDependencies = (
				89148FC22F9A894300D354DF /* TextifyrModels */,
				89148FC42F9A894300D354DF /* TextifyrServices */,
				89148FC62F9A894300D354DF /* TextifyrViewModels */,
			);
			productName = Textifyr_iOS;
			productReference = 89FDFC0F2F99425F00313F18 /* Textifyr_iOS.app */;
			productType = "com.apple.product-type.application";
		};
		89FDFC1B2F99426000313F18 /* Textifyr_iOSTests */ = {
			isa = PBXNativeTarget;
			buildConfigurationList = 89FDFC332F99426000313F18 /* Build configuration list for PBXNativeTarget "Textifyr_iOSTests" */;
			buildPhases = (
				89FDFC182F99426000313F18 /* Sources */,
				89FDFC192F99426000313F18 /* Frameworks */,
				89FDFC1A2F99426000313F18 /* Resources */,
			);
			buildRules = (
			);
			dependencies = (
				89FDFC1E2F99426000313F18 /* PBXTargetDependency */,
			);
			fileSystemSynchronizedGroups = (
				89FDFC1F2F99426000313F18 /* Textifyr_iOSTests */,
			);
			name = Textifyr_iOSTests;
			packageProductDependencies = (
			);
			productName = Textifyr_iOSTests;
			productReference = 89FDFC1C2F99426000313F18 /* Textifyr_iOSTests.xctest */;
			productType = "com.apple.product-type.bundle.unit-test";
		};
		89FDFC252F99426000313F18 /* Textifyr_iOSUITests */ = {
			isa = PBXNativeTarget;
			buildConfigurationList = 89FDFC362F99426000313F18 /* Build configuration list for PBXNativeTarget "Textifyr_iOSUITests" */;
			buildPhases = (
				89FDFC222F99426000313F18 /* Sources */,
				89FDFC232F99426000313F18 /* Frameworks */,
				89FDFC242F99426000313F18 /* Resources */,
			);
			buildRules = (
			);
			dependencies = (
				89FDFC282F99426000313F18 /* PBXTargetDependency */,
			);
			fileSystemSynchronizedGroups = (
				89FDFC292F99426000313F18 /* Textifyr_iOSUITests */,
			);
			name = Textifyr_iOSUITests;
			packageProductDependencies = (
			);
			productName = Textifyr_iOSUITests;
			productReference = 89FDFC262F99426000313F18 /* Textifyr_iOSUITests.xctest */;
			productType = "com.apple.product-type.bundle.ui-testing";
		};
/* End PBXNativeTarget section */

/* Begin PBXProject section */
		89FDFC072F99425F00313F18 /* Project object */ = {
			isa = PBXProject;
			attributes = {
				BuildIndependentTargetsInParallel = 1;
				LastSwiftUpdateCheck = 2630;
				LastUpgradeCheck = 2630;
				TargetAttributes = {
					89FDFC0E2F99425F00313F18 = {
						CreatedOnToolsVersion = 26.3;
					};
					89FDFC1B2F99426000313F18 = {
						CreatedOnToolsVersion = 26.3;
						TestTargetID = 89FDFC0E2F99425F00313F18;
					};
					89FDFC252F99426000313F18 = {
						CreatedOnToolsVersion = 26.3;
						TestTargetID = 89FDFC0E2F99425F00313F18;
					};
				};
			};
			buildConfigurationList = 89FDFC0A2F99425F00313F18 /* Build configuration list for PBXProject "Textifyr_iOS" */;
			developmentRegion = en;
			hasScannedForEncodings = 0;
			knownRegions = (
				en,
				Base,
			);
			mainGroup = 89FDFC062F99425F00313F18;
			minimizedProjectReferenceProxies = 1;
			packageReferences = (
				89148FC12F9A894300D354DF /* XCLocalSwiftPackageReference "../TextifyrCore" */,
			);
			preferredProjectObjectVersion = 77;
			productRefGroup = 89FDFC102F99425F00313F18 /* Products */;
			projectDirPath = "";
			projectRoot = "";
			targets = (
				89FDFC0E2F99425F00313F18 /* Textifyr_iOS */,
				89FDFC1B2F99426000313F18 /* Textifyr_iOSTests */,
				89FDFC252F99426000313F18 /* Textifyr_iOSUITests */,
			);
		};
/* End PBXProject section */

/* Begin PBXResourcesBuildPhase section */
		89FDFC0D2F99425F00313F18 /* Resources */ = {
			isa = PBXResourcesBuildPhase;
			buildActionMask = 2147483647;
			files = (
			);
			runOnlyForDeploymentPostprocessing = 0;
		};
		89FDFC1A2F99426000313F18 /* Resources */ = {
			isa = PBXResourcesBuildPhase;
			buildActionMask = 2147483647;
			files = (
			);
			runOnlyForDeploymentPostprocessing = 0;
		};
		89FDFC242F99426000313F18 /* Resources */ = {
			isa = PBXResourcesBuildPhase;
			buildActionMask = 2147483647;
			files = (
			);
			runOnlyForDeploymentPostprocessing = 0;
		};
/* End PBXResourcesBuildPhase section */

/* Begin PBXSourcesBuildPhase section */
		89FDFC0B2F99425F00313F18 /* Sources */ = {
			isa = PBXSourcesBuildPhase;
			buildActionMask = 2147483647;
			files = (
			);
			runOnlyForDeploymentPostprocessing = 0;
		};
		89FDFC182F99426000313F18 /* Sources */ = {
			isa = PBXSourcesBuildPhase;
			buildActionMask = 2147483647;
			files = (
			);
			runOnlyForDeploymentPostprocessing = 0;
		};
		89FDFC222F99426000313F18 /* Sources */ = {
			isa = PBXSourcesBuildPhase;
			buildActionMask = 2147483647;
			files = (
			);
			runOnlyForDeploymentPostprocessing = 0;
		};
/* End PBXSourcesBuildPhase section */

/* Begin PBXTargetDependency section */
		89FDFC1E2F99426000313F18 /* PBXTargetDependency */ = {
			isa = PBXTargetDependency;
			target = 89FDFC0E2F99425F00313F18 /* Textifyr_iOS */;
			targetProxy = 89FDFC1D2F99426000313F18 /* PBXContainerItemProxy */;
		};
		89FDFC282F99426000313F18 /* PBXTargetDependency */ = {
			isa = PBXTargetDependency;
			target = 89FDFC0E2F99425F00313F18 /* Textifyr_iOS */;
			targetProxy = 89FDFC272F99426000313F18 /* PBXContainerItemProxy */;
		};
/* End PBXTargetDependency section */

/* Begin XCBuildConfiguration section */
		89FDFC2E2F99426000313F18 /* Debug */ = {
			isa = XCBuildConfiguration;
			buildSettings = {
				ALWAYS_SEARCH_USER_PATHS = NO;
				ASSETCATALOG_COMPILER_GENERATE_SWIFT_ASSET_SYMBOL_EXTENSIONS = YES;
				CLANG_ANALYZER_NONNULL = YES;
				CLANG_ANALYZER_NUMBER_OBJECT_CONVERSION = YES_AGGRESSIVE;
				CLANG_CXX_LANGUAGE_STANDARD = "gnu++20";
				CLANG_ENABLE_MODULES = YES;
				CLANG_ENABLE_OBJC_ARC = YES;
				CLANG_ENABLE_OBJC_WEAK = YES;
				CLANG_WARN_BLOCK_CAPTURE_AUTORELEASING = YES;
				CLANG_WARN_BOOL_CONVERSION = YES;
				CLANG_WARN_COMMA = YES;
				CLANG_WARN_CONSTANT_CONVERSION = YES;
				CLANG_WARN_DEPRECATED_OBJC_IMPLEMENTATIONS = YES;
				CLANG_WARN_DIRECT_OBJC_ISA_USAGE = YES_ERROR;
				CLANG_WARN_DOCUMENTATION_COMMENTS = YES;
				CLANG_WARN_EMPTY_BODY = YES;
				CLANG_WARN_ENUM_CONVERSION = YES;
				CLANG_WARN_INFINITE_RECURSION = YES;
				CLANG_WARN_INT_CONVERSION = YES;
				CLANG_WARN_NON_LITERAL_NULL_CONVERSION = YES;
				CLANG_WARN_OBJC_IMPLICIT_RETAIN_SELF = YES;
				CLANG_WARN_OBJC_LITERAL_CONVERSION = YES;
				CLANG_WARN_OBJC_ROOT_CLASS = YES_ERROR;
				CLANG_WARN_QUOTED_INCLUDE_IN_FRAMEWORK_HEADER = YES;
				CLANG_WARN_RANGE_LOOP_ANALYSIS = YES;
				CLANG_WARN_STRICT_PROTOTYPES = YES;
				CLANG_WARN_SUSPICIOUS_MOVE = YES;
				CLANG_WARN_UNGUARDED_AVAILABILITY = YES_AGGRESSIVE;
				CLANG_WARN_UNREACHABLE_CODE = YES;
				CLANG_WARN__DUPLICATE_METHOD_MATCH = YES;
				COPY_PHASE_STRIP = NO;
				DEBUG_INFORMATION_FORMAT = dwarf;
				ENABLE_STRICT_OBJC_MSGSEND = YES;
				ENABLE_TESTABILITY = YES;
				ENABLE_USER_SCRIPT_SANDBOXING = YES;
				GCC_C_LANGUAGE_STANDARD = gnu17;
				GCC_DYNAMIC_NO_PIC = NO;
				GCC_NO_COMMON_BLOCKS = YES;
				GCC_OPTIMIZATION_LEVEL = 0;
				GCC_PREPROCESSOR_DEFINITIONS = (
					"DEBUG=1",
					"$(inherited)",
				);
				GCC_WARN_64_TO_32_BIT_CONVERSION = YES;
				GCC_WARN_ABOUT_RETURN_TYPE = YES_ERROR;
				GCC_WARN_UNDECLARED_SELECTOR = YES;
				GCC_WARN_UNINITIALIZED_AUTOS = YES_AGGRESSIVE;
				GCC_WARN_UNUSED_FUNCTION = YES;
				GCC_WARN_UNUSED_VARIABLE = YES;
				IPHONEOS_DEPLOYMENT_TARGET = 26.2;
				LOCALIZATION_PREFERS_STRING_CATALOGS = YES;
				MTL_ENABLE_DEBUG_INFO = INCLUDE_SOURCE;
				MTL_FAST_MATH = YES;
				ONLY_ACTIVE_ARCH = YES;
				SDKROOT = iphoneos;
				SWIFT_ACTIVE_COMPILATION_CONDITIONS = "DEBUG $(inherited)";
				SWIFT_OPTIMIZATION_LEVEL = "-Onone";
			};
			name = Debug;
		};
		89FDFC2F2F99426000313F18 /* Release */ = {
			isa = XCBuildConfiguration;
			buildSettings = {
				ALWAYS_SEARCH_USER_PATHS = NO;
				ASSETCATALOG_COMPILER_GENERATE_SWIFT_ASSET_SYMBOL_EXTENSIONS = YES;
				CLANG_ANALYZER_NONNULL = YES;
				CLANG_ANALYZER_NUMBER_OBJECT_CONVERSION = YES_AGGRESSIVE;
				CLANG_CXX_LANGUAGE_STANDARD = "gnu++20";
				CLANG_ENABLE_MODULES = YES;
				CLANG_ENABLE_OBJC_ARC = YES;
				CLANG_ENABLE_OBJC_WEAK = YES;
				CLANG_WARN_BLOCK_CAPTURE_AUTORELEASING = YES;
				CLANG_WARN_BOOL_CONVERSION = YES;
				CLANG_WARN_COMMA = YES;
				CLANG_WARN_CONSTANT_CONVERSION = YES;
				CLANG_WARN_DEPRECATED_OBJC_IMPLEMENTATIONS = YES;
				CLANG_WARN_DIRECT_OBJC_ISA_USAGE = YES_ERROR;
				CLANG_WARN_DOCUMENTATION_COMMENTS = YES;
				CLANG_WARN_EMPTY_BODY = YES;
				CLANG_WARN_ENUM_CONVERSION = YES;
				CLANG_WARN_INFINITE_RECURSION = YES;
				CLANG_WARN_INT_CONVERSION = YES;
				CLANG_WARN_NON_LITERAL_NULL_CONVERSION = YES;
				CLANG_WARN_OBJC_IMPLICIT_RETAIN_SELF = YES;
				CLANG_WARN_OBJC_LITERAL_CONVERSION = YES;
				CLANG_WARN_OBJC_ROOT_CLASS = YES_ERROR;
				CLANG_WARN_QUOTED_INCLUDE_IN_FRAMEWORK_HEADER = YES;
				CLANG_WARN_RANGE_LOOP_ANALYSIS = YES;
				CLANG_WARN_STRICT_PROTOTYPES = YES;
				CLANG_WARN_SUSPICIOUS_MOVE = YES;
				CLANG_WARN_UNGUARDED_AVAILABILITY = YES_AGGRESSIVE;
				CLANG_WARN_UNREACHABLE_CODE = YES;
				CLANG_WARN__DUPLICATE_METHOD_MATCH = YES;
				COPY_PHASE_STRIP = NO;
				DEBUG_INFORMATION_FORMAT = "dwarf-with-dsym";
				ENABLE_NS_ASSERTIONS = NO;
				ENABLE_STRICT_OBJC_MSGSEND = YES;
				ENABLE_USER_SCRIPT_SANDBOXING = YES;
				GCC_C_LANGUAGE_STANDARD = gnu17;
				GCC_NO_COMMON_BLOCKS = YES;
				GCC_WARN_64_TO_32_BIT_CONVERSION = YES;
				GCC_WARN_ABOUT_RETURN_TYPE = YES_ERROR;
				GCC_WARN_UNDECLARED_SELECTOR = YES;
				GCC_WARN_UNINITIALIZED_AUTOS = YES_AGGRESSIVE;
				GCC_WARN_UNUSED_FUNCTION = YES;
				GCC_WARN_UNUSED_VARIABLE = YES;
				IPHONEOS_DEPLOYMENT_TARGET = 26.2;
				LOCALIZATION_PREFERS_STRING_CATALOGS = YES;
				MTL_ENABLE_DEBUG_INFO = NO;
				MTL_FAST_MATH = YES;
				SDKROOT = iphoneos;
				SWIFT_COMPILATION_MODE = wholemodule;
				VALIDATE_PRODUCT = YES;
			};
			name = Release;
		};
		89FDFC312F99426000313F18 /* Debug */ = {
			isa = XCBuildConfiguration;
			buildSettings = {
				ASSETCATALOG_COMPILER_APPICON_NAME = AppIcon;
				ASSETCATALOG_COMPILER_GLOBAL_ACCENT_COLOR_NAME = AccentColor;
				CODE_SIGN_STYLE = Automatic;
				CURRENT_PROJECT_VERSION = 1;
				DEVELOPMENT_TEAM = GDR6PYP3RX;
				ENABLE_PREVIEWS = YES;
				GENERATE_INFOPLIST_FILE = YES;
				INFOPLIST_KEY_UIApplicationSceneManifest_Generation = YES;
				INFOPLIST_KEY_UIApplicationSupportsIndirectInputEvents = YES;
				INFOPLIST_KEY_UILaunchScreen_Generation = YES;
				INFOPLIST_KEY_UISupportedInterfaceOrientations_iPad = "UIInterfaceOrientationPortrait UIInterfaceOrientationPortraitUpsideDown UIInterfaceOrientationLandscapeLeft UIInterfaceOrientationLandscapeRight";
				INFOPLIST_KEY_UISupportedInterfaceOrientations_iPhone = "UIInterfaceOrientationPortrait UIInterfaceOrientationLandscapeLeft UIInterfaceOrientationLandscapeRight";
				LD_RUNPATH_SEARCH_PATHS = (
					"$(inherited)",
					"@executable_path/Frameworks",
				);
				MARKETING_VERSION = 1.0;
				PRODUCT_BUNDLE_IDENTIFIER = "com.wecandoit.Textifyr-iOS";
				PRODUCT_NAME = "$(TARGET_NAME)";
				STRING_CATALOG_GENERATE_SYMBOLS = YES;
				SWIFT_APPROACHABLE_CONCURRENCY = YES;
				SWIFT_DEFAULT_ACTOR_ISOLATION = MainActor;
				SWIFT_EMIT_LOC_STRINGS = YES;
				SWIFT_UPCOMING_FEATURE_MEMBER_IMPORT_VISIBILITY = YES;
				SWIFT_VERSION = 5.0;
				TARGETED_DEVICE_FAMILY = "1,2";
			};
			name = Debug;
		};
		89FDFC322F99426000313F18 /* Release */ = {
			isa = XCBuildConfiguration;
			buildSettings = {
				ASSETCATALOG_COMPILER_APPICON_NAME = AppIcon;
				ASSETCATALOG_COMPILER_GLOBAL_ACCENT_COLOR_NAME = AccentColor;
				CODE_SIGN_STYLE = Automatic;
				CURRENT_PROJECT_VERSION = 1;
				DEVELOPMENT_TEAM = GDR6PYP3RX;
				ENABLE_PREVIEWS = YES;
				GENERATE_INFOPLIST_FILE = YES;
				INFOPLIST_KEY_UIApplicationSceneManifest_Generation = YES;
				INFOPLIST_KEY_UIApplicationSupportsIndirectInputEvents = YES;
				INFOPLIST_KEY_UILaunchScreen_Generation = YES;
				INFOPLIST_KEY_UISupportedInterfaceOrientations_iPad = "UIInterfaceOrientationPortrait UIInterfaceOrientationPortraitUpsideDown UIInterfaceOrientationLandscapeLeft UIInterfaceOrientationLandscapeRight";
				INFOPLIST_KEY_UISupportedInterfaceOrientations_iPhone = "UIInterfaceOrientationPortrait UIInterfaceOrientationLandscapeLeft UIInterfaceOrientationLandscapeRight";
				LD_RUNPATH_SEARCH_PATHS = (
					"$(inherited)",
					"@executable_path/Frameworks",
				);
				MARKETING_VERSION = 1.0;
				PRODUCT_BUNDLE_IDENTIFIER = "com.wecandoit.Textifyr-iOS";
				PRODUCT_NAME = "$(TARGET_NAME)";
				STRING_CATALOG_GENERATE_SYMBOLS = YES;
				SWIFT_APPROACHABLE_CONCURRENCY = YES;
				SWIFT_DEFAULT_ACTOR_ISOLATION = MainActor;
				SWIFT_EMIT_LOC_STRINGS = YES;
				SWIFT_UPCOMING_FEATURE_MEMBER_IMPORT_VISIBILITY = YES;
				SWIFT_VERSION = 5.0;
				TARGETED_DEVICE_FAMILY = "1,2";
			};
			name = Release;
		};
		89FDFC342F99426000313F18 /* Debug */ = {
			isa = XCBuildConfiguration;
			buildSettings = {
				BUNDLE_LOADER = "$(TEST_HOST)";
				CODE_SIGN_STYLE = Automatic;
				CURRENT_PROJECT_VERSION = 1;
				GENERATE_INFOPLIST_FILE = YES;
				IPHONEOS_DEPLOYMENT_TARGET = 26.2;
				MARKETING_VERSION = 1.0;
				PRODUCT_BUNDLE_IDENTIFIER = "com.wecandoit.Textifyr-iOSTests";
				PRODUCT_NAME = "$(TARGET_NAME)";
				STRING_CATALOG_GENERATE_SYMBOLS = NO;
				SWIFT_APPROACHABLE_CONCURRENCY = YES;
				SWIFT_EMIT_LOC_STRINGS = NO;
				SWIFT_UPCOMING_FEATURE_MEMBER_IMPORT_VISIBILITY = YES;
				SWIFT_VERSION = 5.0;
				TARGETED_DEVICE_FAMILY = "1,2";
				TEST_HOST = "$(BUILT_PRODUCTS_DIR)/Textifyr_iOS.app/$(BUNDLE_EXECUTABLE_FOLDER_PATH)/Textifyr_iOS";
			};
			name = Debug;
		};
		89FDFC352F99426000313F18 /* Release */ = {
			isa = XCBuildConfiguration;
			buildSettings = {
				BUNDLE_LOADER = "$(TEST_HOST)";
				CODE_SIGN_STYLE = Automatic;
				CURRENT_PROJECT_VERSION = 1;
				GENERATE_INFOPLIST_FILE = YES;
				IPHONEOS_DEPLOYMENT_TARGET = 26.2;
				MARKETING_VERSION = 1.0;
				PRODUCT_BUNDLE_IDENTIFIER = "com.wecandoit.Textifyr-iOSTests";
				PRODUCT_NAME = "$(TARGET_NAME)";
				STRING_CATALOG_GENERATE_SYMBOLS = NO;
				SWIFT_APPROACHABLE_CONCURRENCY = YES;
				SWIFT_EMIT_LOC_STRINGS = NO;
				SWIFT_UPCOMING_FEATURE_MEMBER_IMPORT_VISIBILITY = YES;
				SWIFT_VERSION = 5.0;
				TARGETED_DEVICE_FAMILY = "1,2";
				TEST_HOST = "$(BUILT_PRODUCTS_DIR)/Textifyr_iOS.app/$(BUNDLE_EXECUTABLE_FOLDER_PATH)/Textifyr_iOS";
			};
			name = Release;
		};
		89FDFC372F99426000313F18 /* Debug */ = {
			isa = XCBuildConfiguration;
			buildSettings = {
				CODE_SIGN_STYLE = Automatic;
				CURRENT_PROJECT_VERSION = 1;
				GENERATE_INFOPLIST_FILE = YES;
				MARKETING_VERSION = 1.0;
				PRODUCT_BUNDLE_IDENTIFIER = "com.wecandoit.Textifyr-iOSUITests";
				PRODUCT_NAME = "$(TARGET_NAME)";
				STRING_CATALOG_GENERATE_SYMBOLS = NO;
				SWIFT_APPROACHABLE_CONCURRENCY = YES;
				SWIFT_EMIT_LOC_STRINGS = NO;
				SWIFT_UPCOMING_FEATURE_MEMBER_IMPORT_VISIBILITY = YES;
				SWIFT_VERSION = 5.0;
				TARGETED_DEVICE_FAMILY = "1,2";
				TEST_TARGET_NAME = Textifyr_iOS;
			};
			name = Debug;
		};
		89FDFC382F99426000313F18 /* Release */ = {
			isa = XCBuildConfiguration;
			buildSettings = {
				CODE_SIGN_STYLE = Automatic;
				CURRENT_PROJECT_VERSION = 1;
				GENERATE_INFOPLIST_FILE = YES;
				MARKETING_VERSION = 1.0;
				PRODUCT_BUNDLE_IDENTIFIER = "com.wecandoit.Textifyr-iOSUITests";
				PRODUCT_NAME = "$(TARGET_NAME)";
				STRING_CATALOG_GENERATE_SYMBOLS = NO;
				SWIFT_APPROACHABLE_CONCURRENCY = YES;
				SWIFT_EMIT_LOC_STRINGS = NO;
				SWIFT_UPCOMING_FEATURE_MEMBER_IMPORT_VISIBILITY = YES;
				SWIFT_VERSION = 5.0;
				TARGETED_DEVICE_FAMILY = "1,2";
				TEST_TARGET_NAME = Textifyr_iOS;
			};
			name = Release;
		};
/* End XCBuildConfiguration section */

/* Begin XCConfigurationList section */
		89FDFC0A2F99425F00313F18 /* Build configuration list for PBXProject "Textifyr_iOS" */ = {
			isa = XCConfigurationList;
			buildConfigurations = (
				89FDFC2E2F99426000313F18 /* Debug */,
				89FDFC2F2F99426000313F18 /* Release */,
			);
			defaultConfigurationIsVisible = 0;
			defaultConfigurationName = Release;
		};
		89FDFC302F99426000313F18 /* Build configuration list for PBXNativeTarget "Textifyr_iOS" */ = {
			isa = XCConfigurationList;
			buildConfigurations = (
				89FDFC312F99426000313F18 /* Debug */,
				89FDFC322F99426000313F18 /* Release */,
			);
			defaultConfigurationIsVisible = 0;
			defaultConfigurationName = Release;
		};
		89FDFC332F99426000313F18 /* Build configuration list for PBXNativeTarget "Textifyr_iOSTests" */ = {
			isa = XCConfigurationList;
			buildConfigurations = (
				89FDFC342F99426000313F18 /* Debug */,
				89FDFC352F99426000313F18 /* Release */,
			);
			defaultConfigurationIsVisible = 0;
			defaultConfigurationName = Release;
		};
		89FDFC362F99426000313F18 /* Build configuration list for PBXNativeTarget "Textifyr_iOSUITests" */ = {
			isa = XCConfigurationList;
			buildConfigurations = (
				89FDFC372F99426000313F18 /* Debug */,
				89FDFC382F99426000313F18 /* Release */,
			);
			defaultConfigurationIsVisible = 0;
			defaultConfigurationName = Release;
		};
/* End XCConfigurationList section */

/* Begin XCLocalSwiftPackageReference section */
		89148FC12F9A894300D354DF /* XCLocalSwiftPackageReference "../TextifyrCore" */ = {
			isa = XCLocalSwiftPackageReference;
			relativePath = ../TextifyrCore;
		};
/* End XCLocalSwiftPackageReference section */

/* Begin XCSwiftPackageProductDependency section */
		89148FC22F9A894300D354DF /* TextifyrModels */ = {
			isa = XCSwiftPackageProductDependency;
			productName = TextifyrModels;
		};
		89148FC42F9A894300D354DF /* TextifyrServices */ = {
			isa = XCSwiftPackageProductDependency;
			productName = TextifyrServices;
		};
		89148FC62F9A894300D354DF /* TextifyrViewModels */ = {
			isa = XCSwiftPackageProductDependency;
			productName = TextifyrViewModels;
		};
/* End XCSwiftPackageProductDependency section */
	};
	rootObject = 89FDFC072F99425F00313F18 /* Project object */;
}
